// !$*UTF8*$!
{
	archiveVersion = 1;
	classes = {
	};
	objectVersion = 50;
	objects = {

/* Begin PBXBuildFile section */
		571D4D762B1FF9EA00E7F50A /* AppDelegate.swift in Sources */ = {isa = PBXBuildFile; fileRef = 571D4D752B1FF9EA00E7F50A /* AppDelegate.swift */; };
		571D4D782B1FF9EA00E7F50A /* SceneDelegate.swift in Sources */ = {isa = PBXBuildFile; fileRef = 571D4D772B1FF9EA00E7F50A /* SceneDelegate.swift */; };
		571D4D7C2B1FF9EB00E7F50A /* Assets.xcassets in Resources */ = {isa = PBXBuildFile; fileRef = 571D4D7B2B1FF9EB00E7F50A /* Assets.xcassets */; };
		571D4D7F2B1FF9EB00E7F50A /* Preview Assets.xcassets in Resources */ = {isa = PBXBuildFile; fileRef = 571D4D7E2B1FF9EB00E7F50A /* Preview Assets.xcassets */; };
		571D4D822B1FF9EB00E7F50A /* LaunchScreen.storyboard in Resources */ = {isa = PBXBuildFile; fileRef = 571D4D802B1FF9EB00E7F50A /* LaunchScreen.storyboard */; };
		573E16742B2736040055BE8E /* LoginView.swift in Sources */ = {isa = PBXBuildFile; fileRef = 573E16732B2736040055BE8E /* LoginView.swift */; };
		57A837892B229DD000315231 /* MemorizeGame.swift in Sources */ = {isa = PBXBuildFile; fileRef = 57A837882B229DD000315231 /* MemorizeGame.swift */; };
		57A8378C2B229DED00315231 /* Array+Identifiable.swift in Sources */ = {isa = PBXBuildFile; fileRef = 57A8378B2B229DED00315231 /* Array+Identifiable.swift */; };
		57A8378F2B229DF900315231 /* Array+Only.swift in Sources */ = {isa = PBXBuildFile; fileRef = 57A8378E2B229DF900315231 /* Array+Only.swift */; };
		57A837922B229E0300315231 /* EmojiMemoryGame.swift in Sources */ = {isa = PBXBuildFile; fileRef = 57A837912B229E0300315231 /* EmojiMemoryGame.swift */; };
		57A837952B229E0B00315231 /* EmojiMemoryGameView.swift in Sources */ = {isa = PBXBuildFile; fileRef = 57A837942B229E0B00315231 /* EmojiMemoryGameView.swift */; };
		57A837982B229E1500315231 /* Grid.swift in Sources */ = {isa = PBXBuildFile; fileRef = 57A837972B229E1500315231 /* Grid.swift */; };
		57A8379D2B229E2700315231 /* Assets.xcassets in Resources */ = {isa = PBXBuildFile; fileRef = 57A8379A2B229E2700315231 /* Assets.xcassets */; };
		57A8379E2B229E2700315231 /* Base.lproj in Resources */ = {isa = PBXBuildFile; fileRef = 57A8379B2B229E2700315231 /* Base.lproj */; };
		57A8379F2B229E2700315231 /* GridLayout.swift in Sources */ = {isa = PBXBuildFile; fileRef = 57A8379C2B229E2700315231 /* GridLayout.swift */; };
		57A837A32B229E8C00315231 /* ContentView.swift in Sources */ = {isa = PBXBuildFile; fileRef = 57A837A22B229E8C00315231 /* ContentView.swift */; };
/* End PBXBuildFile section */

/* Begin PBXFileReference section */
		571D4D722B1FF9EA00E7F50A /* Memorize.app */ = {isa = PBXFileReference; explicitFileType = wrapper.application; includeInIndex = 0; path = Memorize.app; sourceTree = BUILT_PRODUCTS_DIR; };
		571D4D752B1FF9EA00E7F50A /* AppDelegate.swift */ = {isa = PBXFileReference; lastKnownFileType = sourcecode.swift; path = AppDelegate.swift; sourceTree = "<group>"; };
		571D4D772B1FF9EA00E7F50A /* SceneDelegate.swift */ = {isa = PBXFileReference; lastKnownFileType = sourcecode.swift; path = SceneDelegate.swift; sourceTree = "<group>"; };
		571D4D7B2B1FF9EB00E7F50A /* Assets.xcassets */ = {isa = PBXFileReference; lastKnownFileType = folder.assetcatalog; path = Assets.xcassets; sourceTree = "<group>"; };
		571D4D7E2B1FF9EB00E7F50A /* Preview Assets.xcassets */ = {isa = PBXFileReference; lastKnownFileType = folder.assetcatalog; path = "Preview Assets.xcassets"; sourceTree = "<group>"; };
		571D4D812B1FF9EB00E7F50A /* Base */ = {isa = PBXFileReference; lastKnownFileType = file.storyboard; name = Base; path = Base.lproj/LaunchScreen.storyboard; sourceTree = "<group>"; };
		571D4D832B1FF9EB00E7F50A /* Info.plist */ = {isa = PBXFileReference; lastKnownFileType = text.plist.xml; path = Info.plist; sourceTree = "<group>"; };
		573E16732B2736040055BE8E /* LoginView.swift */ = {isa = PBXFileReference; lastKnownFileType = sourcecode.swift; path = LoginView.swift; sourceTree = "<group>"; };
		57A837882B229DD000315231 /* MemorizeGame.swift */ = {isa = PBXFileReference; fileEncoding = 4; lastKnownFileType = sourcecode.swift; path = MemorizeGame.swift; sourceTree = "<group>"; };
		57A8378B2B229DED00315231 /* Array+Identifiable.swift */ = {isa = PBXFileReference; fileEncoding = 4; lastKnownFileType = sourcecode.swift; path = "Array+Identifiable.swift"; sourceTree = "<group>"; };
		57A8378E2B229DF900315231 /* Array+Only.swift */ = {isa = PBXFileReference; fileEncoding = 4; lastKnownFileType = sourcecode.swift; path = "Array+Only.swift"; sourceTree = "<group>"; };
		57A837912B229E0300315231 /* EmojiMemoryGame.swift */ = {isa = PBXFileReference; fileEncoding = 4; lastKnownFileType = sourcecode.swift; path = EmojiMemoryGame.swift; sourceTree = "<group>"; };
		57A837942B229E0B00315231 /* EmojiMemoryGameView.swift */ = {isa = PBXFileReference; fileEncoding = 4; lastKnownFileType = sourcecode.swift; path = EmojiMemoryGameView.swift; sourceTree = "<group>"; };
		57A837972B229E1500315231 /* Grid.swift */ = {isa = PBXFileReference; fileEncoding = 4; lastKnownFileType = sourcecode.swift; path = Grid.swift; sourceTree = "<group>"; };
		57A8379A2B229E2700315231 /* Assets.xcassets */ = {isa = PBXFileReference; lastKnownFileType = folder.assetcatalog; path = Assets.xcassets; sourceTree = "<group>"; };
		57A8379B2B229E2700315231 /* Base.lproj */ = {isa = PBXFileReference; lastKnownFileType = folder; path = Base.lproj; sourceTree = "<group>"; };
		57A8379C2B229E2700315231 /* GridLayout.swift */ = {isa = PBXFileReference; fileEncoding = 4; lastKnownFileType = sourcecode.swift; path = GridLayout.swift; sourceTree = "<group>"; };
		57A837A22B229E8C00315231 /* ContentView.swift */ = {isa = PBXFileReference; fileEncoding = 4; lastKnownFileType = sourcecode.swift; path = ContentView.swift; sourceTree = "<group>"; };
/* End PBXFileReference section */

/* Begin PBXFrameworksBuildPhase section */
		571D4D6F2B1FF9EA00E7F50A /* Frameworks */ = {
			isa = PBXFrameworksBuildPhase;
			buildActionMask = 2147483647;
			files = (
			);
			runOnlyForDeploymentPostprocessing = 0;
		};
/* End PBXFrameworksBuildPhase section */

/* Begin PBXGroup section */
		571D4D692B1FF9EA00E7F50A = {
			isa = PBXGroup;
			children = (
				571D4D742B1FF9EA00E7F50A /* Memorize */,
				571D4D732B1FF9EA00E7F50A /* Products */,
			);
			sourceTree = "<group>";
		};
		571D4D732B1FF9EA00E7F50A /* Products */ = {
			isa = PBXGroup;
			children = (
				571D4D722B1FF9EA00E7F50A /* Memorize.app */,
			);
			name = Products;
			sourceTree = "<group>";
		};
		571D4D742B1FF9EA00E7F50A /* Memorize */ = {
			isa = PBXGroup;
			children = (
				57A837A22B229E8C00315231 /* ContentView.swift */,
				57A8379A2B229E2700315231 /* Assets.xcassets */,
				57A8379B2B229E2700315231 /* Base.lproj */,
				57A8379C2B229E2700315231 /* GridLayout.swift */,
				57A837972B229E1500315231 /* Grid.swift */,
				57A837942B229E0B00315231 /* EmojiMemoryGameView.swift */,
				57A837912B229E0300315231 /* EmojiMemoryGame.swift */,
				57A8378E2B229DF900315231 /* Array+Only.swift */,
				57A8378B2B229DED00315231 /* Array+Identifiable.swift */,
				57A837882B229DD000315231 /* MemorizeGame.swift */,
				571D4D752B1FF9EA00E7F50A /* AppDelegate.swift */,
				571D4D772B1FF9EA00E7F50A /* SceneDelegate.swift */,
				571D4D7B2B1FF9EB00E7F50A /* Assets.xcassets */,
				571D4D802B1FF9EB00E7F50A /* LaunchScreen.storyboard */,
				571D4D832B1FF9EB00E7F50A /* Info.plist */,
				571D4D7D2B1FF9EB00E7F50A /* Preview Content */,
				573E16732B2736040055BE8E /* LoginView.swift */,
			);
			path = Memorize;
			sourceTree = "<group>";
		};
		571D4D7D2B1FF9EB00E7F50A /* Preview Content */ = {
			isa = PBXGroup;
			children = (
				571D4D7E2B1FF9EB00E7F50A /* Preview Assets.xcassets */,
			);
			path = "Preview Content";
			sourceTree = "<group>";
		};
/* End PBXGroup section */

/* Begin PBXNativeTarget section */
		571D4D712B1FF9EA00E7F50A /* Memorize */ = {
			isa = PBXNativeTarget;
			buildConfigurationList = 571D4D862B1FF9EB00E7F50A /* Build configuration list for PBXNativeTarget "Memorize" */;
			buildPhases = (
				571D4D6E2B1FF9EA00E7F50A /* Sources */,
				571D4D6F2B1FF9EA00E7F50A /* Frameworks */,
				571D4D702B1FF9EA00E7F50A /* Resources */,
			);
			buildRules = (
			);
			dependencies = (
			);
			name = Memorize;
			productName = Memorize;
			productReference = 571D4D722B1FF9EA00E7F50A /* Memorize.app */;
			productType = "com.apple.product-type.application";
		};
/* End PBXNativeTarget section */

/* Begin PBXProject section */
		571D4D6A2B1FF9EA00E7F50A /* Project object */ = {
			isa = PBXProject;
			attributes = {
				LastSwiftUpdateCheck = 1240;
				LastUpgradeCheck = 1240;
				TargetAttributes = {
					571D4D712B1FF9EA00E7F50A = {
						CreatedOnToolsVersion = 12.4;
					};
				};
			};
			buildConfigurationList = 571D4D6D2B1FF9EA00E7F50A /* Build configuration list for PBXProject "Memorize" */;
			compatibilityVersion = "Xcode 9.3";
			developmentRegion = en;
			hasScannedForEncodings = 0;
			knownRegions = (
				en,
				Base,
			);
			mainGroup = 571D4D692B1FF9EA00E7F50A;
			productRefGroup = 571D4D732B1FF9EA00E7F50A /* Products */;
			projectDirPath = "";
			projectRoot = "";
			targets = (
				571D4D712B1FF9EA00E7F50A /* Memorize */,
			);
		};
/* End PBXProject section */

/* Begin PBXResourcesBuildPhase section */
		571D4D702B1FF9EA00E7F50A /* Resources */ = {
			isa = PBXResourcesBuildPhase;
			buildActionMask = 2147483647;
			files = (
				571D4D822B1FF9EB00E7F50A /* LaunchScreen.storyboard in Resources */,
				571D4D7F2B1FF9EB00E7F50A /* Preview Assets.xcassets in Resources */,
				57A8379E2B229E2700315231 /* Base.lproj in Resources */,
				57A8379D2B229E2700315231 /* Assets.xcassets in Resources */,
				571D4D7C2B1FF9EB00E7F50A /* Assets.xcassets in Resources */,
			);
			runOnlyForDeploymentPostprocessing = 0;
		};
/* End PBXResourcesBuildPhase section */

/* Begin PBXSourcesBuildPhase section */
		571D4D6E2B1FF9EA00E7F50A /* Sources */ = {
			isa = PBXSourcesBuildPhase;
			buildActionMask = 2147483647;
			files = (
				57A8378C2B229DED00315231 /* Array+Identifiable.swift in Sources */,
				571D4D762B1FF9EA00E7F50A /* AppDelegate.swift in Sources */,
				573E16742B2736040055BE8E /* LoginView.swift in Sources */,
				571D4D782B1FF9EA00E7F50A /* SceneDelegate.swift in Sources */,
				57A8378F2B229DF900315231 /* Array+Only.swift in Sources */,
				57A837892B229DD000315231 /* MemorizeGame.swift in Sources */,
				57A837952B229E0B00315231 /* EmojiMemoryGameView.swift in Sources */,
				57A837A32B229E8C00315231 /* ContentView.swift in Sources */,
				57A8379F2B229E2700315231 /* GridLayout.swift in Sources */,
				57A837922B229E0300315231 /* EmojiMemoryGame.swift in Sources */,
				57A837982B229E1500315231 /* Grid.swift in Sources */,
			);
			runOnlyForDeploymentPostprocessing = 0;
		};
/* End PBXSourcesBuildPhase section */

/* Begin PBXVariantGroup section */
		571D4D802B1FF9EB00E7F50A /* LaunchScreen.storyboard */ = {
			isa = PBXVariantGroup;
			children = (
				571D4D812B1FF9EB00E7F50A /* Base */,
			);
			name = LaunchScreen.storyboard;
			sourceTree = "<group>";
		};
/* End PBXVariantGroup section */

/* Begin XCBuildConfiguration section */
		571D4D842B1FF9EB00E7F50A /* Debug */ = {
			isa = XCBuildConfiguration;
			buildSettings = {
				ALWAYS_SEARCH_USER_PATHS = NO;
				CLANG_ANALYZER_NONNULL = YES;
				CLANG_ANALYZER_NUMBER_OBJECT_CONVERSION = YES_AGGRESSIVE;
				CLANG_CXX_LANGUAGE_STANDARD = "gnu++14";
				CLANG_CXX_LIBRARY = "libc++";
				CLANG_ENABLE_MODULES = YES;
				CLANG_ENABLE_OBJC_ARC = YES;
				CLANG_ENABLE_OBJC_WEAK = YES;
				CLANG_WARN_BLOCK_CAPTURE_AUTORELEASING = YES;
				CLANG_WARN_BOOL_CONVERSION = YES;
				CLANG_WARN_COMMA = YES;
				CLANG_WARN_CONSTANT_CONVERSION = YES;
				CLANG_WARN_DEPRECATED_OBJC_IMPLEMENTATIONS = YES;
				CLANG_WARN_DIRECT_OBJC_ISA_USAGE = YES_ERROR;
				CLANG_WARN_DOCUMENTATION_COMMENTS = YES;
				CLANG_WARN_EMPTY_BODY = YES;
				CLANG_WARN_ENUM_CONVERSION = YES;
				CLANG_WARN_INFINITE_RECURSION = YES;
				CLANG_WARN_INT_CONVERSION = YES;
				CLANG_WARN_NON_LITERAL_NULL_CONVERSION = YES;
				CLANG_WARN_OBJC_IMPLICIT_RETAIN_SELF = YES;
				CLANG_WARN_OBJC_LITERAL_CONVERSION = YES;
				CLANG_WARN_OBJC_ROOT_CLASS = YES_ERROR;
				CLANG_WARN_QUOTED_INCLUDE_IN_FRAMEWORK_HEADER = YES;
				CLANG_WARN_RANGE_LOOP_ANALYSIS = YES;
				CLANG_WARN_STRICT_PROTOTYPES = YES;
				CLANG_WARN_SUSPICIOUS_MOVE = YES;
				CLANG_WARN_UNGUARDED_AVAILABILITY = YES_AGGRESSIVE;
				CLANG_WARN_UNREACHABLE_CODE = YES;
				CLANG_WARN__DUPLICATE_METHOD_MATCH = YES;
				COPY_PHASE_STRIP = NO;
				DEBUG_INFORMATION_FORMAT = dwarf;
				ENABLE_STRICT_OBJC_MSGSEND = YES;
				ENABLE_TESTABILITY = YES;
				GCC_C_LANGUAGE_STANDARD = gnu11;
				GCC_DYNAMIC_NO_PIC = NO;
				GCC_NO_COMMON_BLOCKS = YES;
				GCC_OPTIMIZATION_LEVEL = 0;
				GCC_PREPROCESSOR_DEFINITIONS = (
					"DEBUG=1",
					"$(inherited)",
				);
				GCC_WARN_64_TO_32_BIT_CONVERSION = YES;
				GCC_WARN_ABOUT_RETURN_TYPE = YES_ERROR;
				GCC_WARN_UNDECLARED_SELECTOR = YES;
				GCC_WARN_UNINITIALIZED_AUTOS = YES_AGGRESSIVE;
				GCC_WARN_UNUSED_FUNCTION = YES;
				GCC_WARN_UNUSED_VARIABLE = YES;
				IPHONEOS_DEPLOYMENT_TARGET = 14.4;
				MTL_ENABLE_DEBUG_INFO = INCLUDE_SOURCE;
				MTL_FAST_MATH = YES;
				ONLY_ACTIVE_ARCH = YES;
				SDKROOT = iphoneos;
				SWIFT_ACTIVE_COMPILATION_CONDITIONS = DEBUG;
				SWIFT_OPTIMIZATION_LEVEL = "-Onone";
			};
			name = Debug;
		};
		571D4D852B1FF9EB00E7F50A /* Release */ = {
			isa = XCBuildConfiguration;
			buildSettings = {
				ALWAYS_SEARCH_USER_PATHS = NO;
				CLANG_ANALYZER_NONNULL = YES;
				CLANG_ANALYZER_NUMBER_OBJECT_CONVERSION = YES_AGGRESSIVE;
				CLANG_CXX_LANGUAGE_STANDARD = "gnu++14";
				CLANG_CXX_LIBRARY = "libc++";
				CLANG_ENABLE_MODULES = YES;
				CLANG_ENABLE_OBJC_ARC = YES;
				CLANG_ENABLE_OBJC_WEAK = YES;
				CLANG_WARN_BLOCK_CAPTURE_AUTORELEASING = YES;
				CLANG_WARN_BOOL_CONVERSION = YES;
				CLANG_WARN_COMMA = YES;
				CLANG_WARN_CONSTANT_CONVERSION = YES;
				CLANG_WARN_DEPRECATED_OBJC_IMPLEMENTATIONS = YES;
				CLANG_WARN_DIRECT_OBJC_ISA_USAGE = YES_ERROR;
				CLANG_WARN_DOCUMENTATION_COMMENTS = YES;
				CLANG_WARN_EMPTY_BODY = YES;
				CLANG_WARN_ENUM_CONVERSION = YES;
				CLANG_WARN_INFINITE_RECURSION = YES;
				CLANG_WARN_INT_CONVERSION = YES;
				CLANG_WARN_NON_LITERAL_NULL_CONVERSION = YES;
				CLANG_WARN_OBJC_IMPLICIT_RETAIN_SELF = YES;
				CLANG_WARN_OBJC_LITERAL_CONVERSION = YES;
				CLANG_WARN_OBJC_ROOT_CLASS = YES_ERROR;
				CLANG_WARN_QUOTED_INCLUDE_IN_FRAMEWORK_HEADER = YES;
				CLANG_WARN_RANGE_LOOP_ANALYSIS = YES;
				CLANG_WARN_STRICT_PROTOTYPES = YES;
				CLANG_WARN_SUSPICIOUS_MOVE = YES;
				CLANG_WARN_UNGUARDED_AVAILABILITY = YES_AGGRESSIVE;
				CLANG_WARN_UNREACHABLE_CODE = YES;
				CLANG_WARN__DUPLICATE_METHOD_MATCH = YES;
				COPY_PHASE_STRIP = NO;
				DEBUG_INFORMATION_FORMAT = "dwarf-with-dsym";
				ENABLE_NS_ASSERTIONS = NO;
				ENABLE_STRICT_OBJC_MSGSEND = YES;
				GCC_C_LANGUAGE_STANDARD = gnu11;
				GCC_NO_COMMON_BLOCKS = YES;
				GCC_WARN_64_TO_32_BIT_CONVERSION = YES;
				GCC_WARN_ABOUT_RETURN_TYPE = YES_ERROR;
				GCC_WARN_UNDECLARED_SELECTOR = YES;
				GCC_WARN_UNINITIALIZED_AUTOS = YES_AGGRESSIVE;
				GCC_WARN_UNUSED_FUNCTION = YES;
				GCC_WARN_UNUSED_VARIABLE = YES;
				IPHONEOS_DEPLOYMENT_TARGET = 14.4;
				MTL_ENABLE_DEBUG_INFO = NO;
				MTL_FAST_MATH = YES;
				SDKROOT = iphoneos;
				SWIFT_COMPILATION_MODE = wholemodule;
				SWIFT_OPTIMIZATION_LEVEL = "-O";
				VALIDATE_PRODUCT = YES;
			};
			name = Release;
		};
		571D4D872B1FF9EB00E7F50A /* Debug */ = {
			isa = XCBuildConfiguration;
			buildSettings = {
				ASSETCATALOG_COMPILER_APPICON_NAME = AppIcon;
				ASSETCATALOG_COMPILER_GLOBAL_ACCENT_COLOR_NAME = AccentColor;
				CODE_SIGN_STYLE = Automatic;
				DEVELOPMENT_ASSET_PATHS = "\"Memorize/Preview Content\"";
				ENABLE_PREVIEWS = YES;
				INFOPLIST_FILE = Memorize/Info.plist;
				LD_RUNPATH_SEARCH_PATHS = (
					"$(inherited)",
					"@executable_path/Frameworks",
				);
				PRODUCT_BUNDLE_IDENTIFIER = lab.unitins.br.Memorize;
				PRODUCT_NAME = "$(TARGET_NAME)";
				SWIFT_VERSION = 5.0;
				TARGETED_DEVICE_FAMILY = "1,2";
			};
			name = Debug;
		};
		571D4D882B1FF9EB00E7F50A /* Release */ = {
			isa = XCBuildConfiguration;
			buildSettings = {
				ASSETCATALOG_COMPILER_APPICON_NAME = AppIcon;
				ASSETCATALOG_COMPILER_GLOBAL_ACCENT_COLOR_NAME = AccentColor;
				CODE_SIGN_STYLE = Automatic;
				DEVELOPMENT_ASSET_PATHS = "\"Memorize/Preview Content\"";
				ENABLE_PREVIEWS = YES;
				INFOPLIST_FILE = Memorize/Info.plist;
				LD_RUNPATH_SEARCH_PATHS = (
					"$(inherited)",
					"@executable_path/Frameworks",
				);
				PRODUCT_BUNDLE_IDENTIFIER = lab.unitins.br.Memorize;
				PRODUCT_NAME = "$(TARGET_NAME)";
				SWIFT_VERSION = 5.0;
				TARGETED_DEVICE_FAMILY = "1,2";
			};
			name = Release;
		};
/* End XCBuildConfiguration section */

/* Begin XCConfigurationList section */
		571D4D6D2B1FF9EA00E7F50A /* Build configuration list for PBXProject "Memorize" */ = {
			isa = XCConfigurationList;
			buildConfigurations = (
				571D4D842B1FF9EB00E7F50A /* Debug */,
				571D4D852B1FF9EB00E7F50A /* Release */,
			);
			defaultConfigurationIsVisible = 0;
			defaultConfigurationName = Release;
		};
		571D4D862B1FF9EB00E7F50A /* Build configuration list for PBXNativeTarget "Memorize" */ = {
			isa = XCConfigurationList;
			buildConfigurations = (
				571D4D872B1FF9EB00E7F50A /* Debug */,
				571D4D882B1FF9EB00E7F50A /* Release */,
			);
			defaultConfigurationIsVisible = 0;
			defaultConfigurationName = Release;
		};
/* End XCConfigurationList section */
	};
	rootObject = 571D4D6A2B1FF9EA00E7F50A /* Project object */;
}
